{
    "_readme": [
        "This file locks the dependencies of your project to a known state",
        "Read more about it at https://getcomposer.org/doc/01-basic-usage.md#installing-dependencies",
        "This file is @generated automatically"
    ],
    "content-hash": "a4fabadf615af8774aba44610934d4a1",
    "packages": [
        {
            "name": "almasaeed2010/adminlte",
            "version": "v3.2.0",
            "source": {
                "type": "git",
                "url": "https://github.com/ColorlibHQ/AdminLTE.git",
                "reference": "bd4d9c72931f1dd28601b6bfb387554a381ad540"
            },
            "dist": {
                "type": "zip",
                "url": "https://api.github.com/repos/ColorlibHQ/AdminLTE/zipball/bd4d9c72931f1dd28601b6bfb387554a381ad540",
                "reference": "bd4d9c72931f1dd28601b6bfb387554a381ad540",
                "shasum": ""
            },
            "type": "library",
            "notification-url": "https://packagist.org/downloads/",
            "license": [
                "MIT"
            ],
            "authors": [
                {
                    "name": "Colorlib"
                }
            ],
            "description": "AdminLTE - admin control panel and dashboard that's based on Bootstrap 4",
            "homepage": "https://adminlte.io/",
            "keywords": [
                "JS",
                "admin",
                "back-end",
                "css",
                "less",
                "responsive",
                "template",
                "theme",
                "web"
            ],
            "support": {
                "issues": "https://github.com/ColorlibHQ/AdminLTE/issues",
                "source": "https://github.com/ColorlibHQ/AdminLTE/tree/v3.2.0"
            },
            "time": "2022-02-07T20:33:09+00:00"
        },
        {
            "name": "eftec/bladeone",
            "version": "4.6",
            "source": {
                "type": "git",
                "url": "https://github.com/EFTEC/BladeOne.git",
                "reference": "f13280910e65bcbc6c644eb5d3bfc085c269c7c4"
            },
            "dist": {
                "type": "zip",
                "url": "https://api.github.com/repos/EFTEC/BladeOne/zipball/f13280910e65bcbc6c644eb5d3bfc085c269c7c4",
                "reference": "f13280910e65bcbc6c644eb5d3bfc085c269c7c4",
                "shasum": ""
            },
            "require": {
                "ext-json": "*",
                "php": ">=7.2.5"
            },
            "require-dev": {
                "phpunit/phpunit": "^8.0"
            },
            "suggest": {
                "eftec/bladeonehtml": "Extension to create forms",
                "ext-mbstring": "This extension is used if it's active"
            },
            "type": "library",
            "autoload": {
                "psr-4": {
                    "eftec\\bladeone\\": "lib/"
                }
            },
            "notification-url": "https://packagist.org/downloads/",
            "license": [
                "MIT"
            ],
            "authors": [
                {
                    "name": "Jorge Patricio Castro Castillo",
                    "email": "jcastro@eftec.cl"
                }
            ],
            "description": "The standalone version Blade Template Engine from Laravel in a single php file",
            "homepage": "https://github.com/EFTEC/BladeOne",
            "keywords": [
                "blade",
                "php",
                "template",
                "templating",
                "view"
            ],
            "support": {
                "issues": "https://github.com/EFTEC/BladeOne/issues",
                "source": "https://github.com/EFTEC/BladeOne/tree/4.6"
            },
            "time": "2022-08-26T21:45:02+00:00"
        },
        {
            "name": "eftec/bladeonehtml",
            "version": "2.3",
            "source": {
                "type": "git",
                "url": "https://github.com/EFTEC/BladeOneHtml.git",
                "reference": "96af536509cbc43b3dbd282d2b5b07a3eff11ece"
            },
            "dist": {
                "type": "zip",
                "url": "https://api.github.com/repos/EFTEC/BladeOneHtml/zipball/96af536509cbc43b3dbd282d2b5b07a3eff11ece",
                "reference": "96af536509cbc43b3dbd282d2b5b07a3eff11ece",
                "shasum": ""
            },
            "require": {
                "eftec/bladeone": "^4.4",
                "eftec/messagecontainer": "^2.1",
                "ext-json": "*",
                "php": ">=7.2.5"
            },
            "require-dev": {
                "phpunit/phpunit": "^9.5.11"
            },
            "type": "library",
            "autoload": {
                "psr-4": {
                    "eftec\\bladeonehtml\\": "lib/"
                }
            },
            "notification-url": "https://packagist.org/downloads/",
            "license": [
                "MIT"
            ],
            "authors": [
                {
                    "name": "Jorge Patricio Castro Castillo",
                    "email": "jcastro@eftec.cl"
                }
            ],
            "description": "The standalone version Blade Template Engine from Laravel in a single php file",
            "homepage": "https://github.com/EFTEC/BladeOneHtml",
            "keywords": [
                "blade",
                "php",
                "template",
                "templating",
                "view"
            ],
            "support": {
                "issues": "https://github.com/EFTEC/BladeOneHtml/issues",
                "source": "https://github.com/EFTEC/BladeOneHtml/tree/2.3"
            },
            "time": "2022-06-28T20:16:15+00:00"
        },
        {
            "name": "eftec/messagecontainer",
            "version": "2.5",
            "source": {
                "type": "git",
                "url": "https://github.com/EFTEC/MessageContainer.git",
                "reference": "1e7210a8f7243adb600c9775bfb3c1c159e26d73"
            },
            "dist": {
                "type": "zip",
                "url": "https://api.github.com/repos/EFTEC/MessageContainer/zipball/1e7210a8f7243adb600c9775bfb3c1c159e26d73",
                "reference": "1e7210a8f7243adb600c9775bfb3c1c159e26d73",
                "shasum": ""
            },
            "require": {
                "ext-ctype": "*",
                "php": ">=7.2.5"
            },
            "require-dev": {
                "phpunit/phpunit": "^9.5"
            },
            "type": "library",
            "autoload": {
                "psr-4": {
                    "eftec\\": "lib/"
                }
            },
            "notification-url": "https://packagist.org/downloads/",
            "license": [
                "MIT"
            ],
            "authors": [
                {
                    "name": "Jorge Castro",
                    "email": "jcastro@eftec.cl"
                }
            ],
            "description": "MessageContainer is a simple a minimalist message-system where messages (strings) could be stored in a tree-like structure",
            "homepage": "https://github.com/EFTEC/MessageContainer",
            "support": {
                "issues": "https://github.com/EFTEC/MessageContainer/issues",
                "source": "https://github.com/EFTEC/MessageContainer/tree/2.5"
            },
            "time": "2022-03-22T14:45:36+00:00"
        },
        {
            "name": "phroute/phroute",
            "version": "v2.2.0",
            "source": {
                "type": "git",
                "url": "https://github.com/mrjgreen/phroute.git",
                "reference": "c1893b885966a0c7b50b9239dd867fda7a312dfa"
            },
            "dist": {
                "type": "zip",
                "url": "https://api.github.com/repos/mrjgreen/phroute/zipball/c1893b885966a0c7b50b9239dd867fda7a312dfa",
                "reference": "c1893b885966a0c7b50b9239dd867fda7a312dfa",
                "shasum": ""
            },
            "require": {
                "php": ">=5.4.0"
            },
            "require-dev": {
                "php-coveralls/php-coveralls": "^2.5",
                "phpunit/phpunit": "^9.0"
            },
            "type": "library",
            "autoload": {
                "psr-4": {
                    "Phroute\\Phroute\\": "src/Phroute"
                }
            },
            "notification-url": "https://packagist.org/downloads/",
            "license": [
                "BSD-3-Clause"
            ],
            "authors": [
                {
                    "name": "Joe Green",
                    "email": "joe.green.0991@gmail.com"
                }
            ],
            "description": "Fast, fully featured restful request router for PHP",
            "keywords": [
                "router",
                "routing"
            ],
            "support": {
                "issues": "https://github.com/mrjgreen/phroute/issues",
                "source": "https://github.com/mrjgreen/phroute/tree/v2.2.0"
            },
            "time": "2022-05-04T16:22:33+00:00"
        }
    ],
    "packages-dev": [],
    "aliases": [],
    "minimum-stability": "stable",
    "stability-flags": [],
    "prefer-stable": false,
    "prefer-lowest": false,
    "platform": [],
    "platform-dev": [],
    "plugin-api-version": "2.3.0"
}
